{
  "name": "ollama-code-cli",
  "version": "2.3.1",
  "lockfileVersion": 3,
  "requires": true,
  "packages": {
    "": {
      "name": "ollama-code-cli",
      "version": "2.3.1",
      "license": "MIT",
      "dependencies": {
        "ollama-code-cli": "file:",
        "qrcode-terminal": "^0.12.0"
      },
      "bin": {
        "ollama-code": "bin/ollama-code.js"
      },
      "engines": {
        "node": ">=18.0.0"
      }
    },
    "node_modules/ollama-code-cli": {
      "resolved": "",
      "link": true
    },
    "node_modules/qrcode-terminal": {
      "version": "0.12.0",
      "resolved": "https://registry.npmjs.org/qrcode-terminal/-/qrcode-terminal-0.12.0.tgz",
      "integrity": "sha512-EXtzRZmC+YGmGlDFbXKxQiMZNwCLEO6BANKXG4iCtSIM0yqc/pappSx3RIKr4r0uh5JsBckOXeKrB3Iz7mdQpQ==",
      "bin": {
        "qrcode-terminal": "bin/qrcode-terminal.js"
      }
    }
  }
}
